// !$*UTF8*$!
{
	archiveVersion = 1;
	classes = {
	};
	objectVersion = 51;
	objects = {

/* Begin PBXBuildFile section */
		103D6A0D26110A8D00AB75E8 /* SearchViewController.swift in Sources */ = {isa = PBXBuildFile; fileRef = 103D6A0C26110A8D00AB75E8 /* SearchViewController.swift */; };
		103D6A1226110AB400AB75E8 /* ProfileViewController.swift in Sources */ = {isa = PBXBuildFile; fileRef = 103D6A1126110AB400AB75E8 /* ProfileViewController.swift */; };
		8372B3E1261A0D2D006CDDF5 /* SavedViewController.swift in Sources */ = {isa = PBXBuildFile; fileRef = 8372B3E0261A0D2D006CDDF5 /* SavedViewController.swift */; };
		8373576C2610515C00FF9DC6 /* MainfeedViewController.swift in Sources */ = {isa = PBXBuildFile; fileRef = 8373576B2610515C00FF9DC6 /* MainfeedViewController.swift */; };
		837942F026108B36005C6C5E /* PartyCell.swift in Sources */ = {isa = PBXBuildFile; fileRef = 837942EF26108B36005C6C5E /* PartyCell.swift */; };
		83D0C253261AA93D00A49D7D /* SavedCell.swift in Sources */ = {isa = PBXBuildFile; fileRef = 83D0C252261AA93D00A49D7D /* SavedCell.swift */; };
		99E5F72EB0B54741A1E6BA89 /* Pods_CampusgramUITests.framework in Frameworks */ = {isa = PBXBuildFile; fileRef = 73D2F09B71C52D8D055D06EB /* Pods_CampusgramUITests.framework */; };
		9A122B917020FA140511665A /* Pods_Campusgram.framework in Frameworks */ = {isa = PBXBuildFile; fileRef = CB551E218F9F454651E2D1F9 /* Pods_Campusgram.framework */; };
		E68AA12A261582FF007914E1 /* NewPostViewController.swift in Sources */ = {isa = PBXBuildFile; fileRef = E68AA129261582FF007914E1 /* NewPostViewController.swift */; };
		E69B4702260A6E5C00D3EAD8 /* AppDelegate.swift in Sources */ = {isa = PBXBuildFile; fileRef = E69B4701260A6E5C00D3EAD8 /* AppDelegate.swift */; };
		E69B4704260A6E5C00D3EAD8 /* SceneDelegate.swift in Sources */ = {isa = PBXBuildFile; fileRef = E69B4703260A6E5C00D3EAD8 /* SceneDelegate.swift */; };
		E69B4709260A6E5C00D3EAD8 /* Main.storyboard in Resources */ = {isa = PBXBuildFile; fileRef = E69B4707260A6E5C00D3EAD8 /* Main.storyboard */; };
		E69B470B260A6E5E00D3EAD8 /* Assets.xcassets in Resources */ = {isa = PBXBuildFile; fileRef = E69B470A260A6E5E00D3EAD8 /* Assets.xcassets */; };
		E69B470E260A6E5E00D3EAD8 /* LaunchScreen.storyboard in Resources */ = {isa = PBXBuildFile; fileRef = E69B470C260A6E5E00D3EAD8 /* LaunchScreen.storyboard */; };
		E69B4719260A6E5E00D3EAD8 /* CampusgramTests.swift in Sources */ = {isa = PBXBuildFile; fileRef = E69B4718260A6E5E00D3EAD8 /* CampusgramTests.swift */; };
		E69B4724260A6E5E00D3EAD8 /* CampusgramUITests.swift in Sources */ = {isa = PBXBuildFile; fileRef = E69B4723260A6E5E00D3EAD8 /* CampusgramUITests.swift */; };
		E69B4741260A73C700D3EAD8 /* LoginViewController.swift in Sources */ = {isa = PBXBuildFile; fileRef = E69B4740260A73C700D3EAD8 /* LoginViewController.swift */; };
		E6ACF0472622A29700E9DA9A /* SettingsViewController.swift in Sources */ = {isa = PBXBuildFile; fileRef = E6ACF0462622A29700E9DA9A /* SettingsViewController.swift */; };
		E6ACF04C2622A2F100E9DA9A /* MapViewController.swift in Sources */ = {isa = PBXBuildFile; fileRef = E6ACF04B2622A2F100E9DA9A /* MapViewController.swift */; };
		E6ACF0512622A31300E9DA9A /* ChatViewController.swift in Sources */ = {isa = PBXBuildFile; fileRef = E6ACF0502622A31300E9DA9A /* ChatViewController.swift */; };
		E6ACF0562622A31C00E9DA9A /* ChatCell.swift in Sources */ = {isa = PBXBuildFile; fileRef = E6ACF0552622A31C00E9DA9A /* ChatCell.swift */; };
		FE2001D7196BFA04EB1B9B80 /* Pods_CampusgramTests.framework in Frameworks */ = {isa = PBXBuildFile; fileRef = 050C119B2F35865D274E4682 /* Pods_CampusgramTests.framework */; };
/* End PBXBuildFile section */

/* Begin PBXContainerItemProxy section */
		E69B4715260A6E5E00D3EAD8 /* PBXContainerItemProxy */ = {
			isa = PBXContainerItemProxy;
			containerPortal = E69B46F6260A6E5C00D3EAD8 /* Project object */;
			proxyType = 1;
			remoteGlobalIDString = E69B46FD260A6E5C00D3EAD8;
			remoteInfo = Campusgram;
		};
		E69B4720260A6E5E00D3EAD8 /* PBXContainerItemProxy */ = {
			isa = PBXContainerItemProxy;
			containerPortal = E69B46F6260A6E5C00D3EAD8 /* Project object */;
			proxyType = 1;
			remoteGlobalIDString = E69B46FD260A6E5C00D3EAD8;
			remoteInfo = Campusgram;
		};
/* End PBXContainerItemProxy section */

/* Begin PBXFileReference section */
		050C119B2F35865D274E4682 /* Pods_CampusgramTests.framework */ = {isa = PBXFileReference; explicitFileType = wrapper.framework; includeInIndex = 0; path = Pods_CampusgramTests.framework; sourceTree = BUILT_PRODUCTS_DIR; };
		07F52AB44674C80DEF91B744 /* Pods-Campusgram.debug.xcconfig */ = {isa = PBXFileReference; includeInIndex = 1; lastKnownFileType = text.xcconfig; name = "Pods-Campusgram.debug.xcconfig"; path = "Target Support Files/Pods-Campusgram/Pods-Campusgram.debug.xcconfig"; sourceTree = "<group>"; };
		103D6A0C26110A8D00AB75E8 /* SearchViewController.swift */ = {isa = PBXFileReference; lastKnownFileType = sourcecode.swift; path = SearchViewController.swift; sourceTree = "<group>"; };
		103D6A1126110AB400AB75E8 /* ProfileViewController.swift */ = {isa = PBXFileReference; lastKnownFileType = sourcecode.swift; path = ProfileViewController.swift; sourceTree = "<group>"; };
		3F7046AD0F6502A02A080974 /* Pods-CampusgramUITests.debug.xcconfig */ = {isa = PBXFileReference; includeInIndex = 1; lastKnownFileType = text.xcconfig; name = "Pods-CampusgramUITests.debug.xcconfig"; path = "Target Support Files/Pods-CampusgramUITests/Pods-CampusgramUITests.debug.xcconfig"; sourceTree = "<group>"; };
		45EE3905852181BDB4B5CB79 /* Pods-CampusgramTests.release.xcconfig */ = {isa = PBXFileReference; includeInIndex = 1; lastKnownFileType = text.xcconfig; name = "Pods-CampusgramTests.release.xcconfig"; path = "Target Support Files/Pods-CampusgramTests/Pods-CampusgramTests.release.xcconfig"; sourceTree = "<group>"; };
		73D2F09B71C52D8D055D06EB /* Pods_CampusgramUITests.framework */ = {isa = PBXFileReference; explicitFileType = wrapper.framework; includeInIndex = 0; path = Pods_CampusgramUITests.framework; sourceTree = BUILT_PRODUCTS_DIR; };
		8372B3E0261A0D2D006CDDF5 /* SavedViewController.swift */ = {isa = PBXFileReference; lastKnownFileType = sourcecode.swift; path = SavedViewController.swift; sourceTree = "<group>"; };
		8373576B2610515C00FF9DC6 /* MainfeedViewController.swift */ = {isa = PBXFileReference; lastKnownFileType = sourcecode.swift; path = MainfeedViewController.swift; sourceTree = "<group>"; };
		837942EF26108B36005C6C5E /* PartyCell.swift */ = {isa = PBXFileReference; lastKnownFileType = sourcecode.swift; path = PartyCell.swift; sourceTree = "<group>"; };
		83D0C252261AA93D00A49D7D /* SavedCell.swift */ = {isa = PBXFileReference; lastKnownFileType = sourcecode.swift; path = SavedCell.swift; sourceTree = "<group>"; };
		AE766AE5FFA012EF31673C1E /* Pods-Campusgram.release.xcconfig */ = {isa = PBXFileReference; includeInIndex = 1; lastKnownFileType = text.xcconfig; name = "Pods-Campusgram.release.xcconfig"; path = "Target Support Files/Pods-Campusgram/Pods-Campusgram.release.xcconfig"; sourceTree = "<group>"; };
		CB551E218F9F454651E2D1F9 /* Pods_Campusgram.framework */ = {isa = PBXFileReference; explicitFileType = wrapper.framework; includeInIndex = 0; path = Pods_Campusgram.framework; sourceTree = BUILT_PRODUCTS_DIR; };
		DA6AFFD5DA975CF354221DDA /* Pods-CampusgramUITests.release.xcconfig */ = {isa = PBXFileReference; includeInIndex = 1; lastKnownFileType = text.xcconfig; name = "Pods-CampusgramUITests.release.xcconfig"; path = "Target Support Files/Pods-CampusgramUITests/Pods-CampusgramUITests.release.xcconfig"; sourceTree = "<group>"; };
		E68AA129261582FF007914E1 /* NewPostViewController.swift */ = {isa = PBXFileReference; lastKnownFileType = sourcecode.swift; path = NewPostViewController.swift; sourceTree = "<group>"; };
		E69B46FE260A6E5C00D3EAD8 /* Campusgram.app */ = {isa = PBXFileReference; explicitFileType = wrapper.application; includeInIndex = 0; path = Campusgram.app; sourceTree = BUILT_PRODUCTS_DIR; };
		E69B4701260A6E5C00D3EAD8 /* AppDelegate.swift */ = {isa = PBXFileReference; lastKnownFileType = sourcecode.swift; path = AppDelegate.swift; sourceTree = "<group>"; };
		E69B4703260A6E5C00D3EAD8 /* SceneDelegate.swift */ = {isa = PBXFileReference; lastKnownFileType = sourcecode.swift; path = SceneDelegate.swift; sourceTree = "<group>"; };
		E69B4708260A6E5C00D3EAD8 /* Base */ = {isa = PBXFileReference; lastKnownFileType = file.storyboard; name = Base; path = Base.lproj/Main.storyboard; sourceTree = "<group>"; };
		E69B470A260A6E5E00D3EAD8 /* Assets.xcassets */ = {isa = PBXFileReference; lastKnownFileType = folder.assetcatalog; path = Assets.xcassets; sourceTree = "<group>"; };
		E69B470D260A6E5E00D3EAD8 /* Base */ = {isa = PBXFileReference; lastKnownFileType = file.storyboard; name = Base; path = Base.lproj/LaunchScreen.storyboard; sourceTree = "<group>"; };
		E69B470F260A6E5E00D3EAD8 /* Info.plist */ = {isa = PBXFileReference; lastKnownFileType = text.plist.xml; path = Info.plist; sourceTree = "<group>"; };
		E69B4714260A6E5E00D3EAD8 /* CampusgramTests.xctest */ = {isa = PBXFileReference; explicitFileType = wrapper.cfbundle; includeInIndex = 0; path = CampusgramTests.xctest; sourceTree = BUILT_PRODUCTS_DIR; };
		E69B4718260A6E5E00D3EAD8 /* CampusgramTests.swift */ = {isa = PBXFileReference; lastKnownFileType = sourcecode.swift; path = CampusgramTests.swift; sourceTree = "<group>"; };
		E69B471A260A6E5E00D3EAD8 /* Info.plist */ = {isa = PBXFileReference; lastKnownFileType = text.plist.xml; path = Info.plist; sourceTree = "<group>"; };
		E69B471F260A6E5E00D3EAD8 /* CampusgramUITests.xctest */ = {isa = PBXFileReference; explicitFileType = wrapper.cfbundle; includeInIndex = 0; path = CampusgramUITests.xctest; sourceTree = BUILT_PRODUCTS_DIR; };
		E69B4723260A6E5E00D3EAD8 /* CampusgramUITests.swift */ = {isa = PBXFileReference; lastKnownFileType = sourcecode.swift; path = CampusgramUITests.swift; sourceTree = "<group>"; };
		E69B4725260A6E5E00D3EAD8 /* Info.plist */ = {isa = PBXFileReference; lastKnownFileType = text.plist.xml; path = Info.plist; sourceTree = "<group>"; };
		E69B4740260A73C700D3EAD8 /* LoginViewController.swift */ = {isa = PBXFileReference; lastKnownFileType = sourcecode.swift; path = LoginViewController.swift; sourceTree = "<group>"; };
		E6ACF0462622A29700E9DA9A /* SettingsViewController.swift */ = {isa = PBXFileReference; fileEncoding = 4; lastKnownFileType = sourcecode.swift; path = SettingsViewController.swift; sourceTree = "<group>"; };
		E6ACF04B2622A2F100E9DA9A /* MapViewController.swift */ = {isa = PBXFileReference; fileEncoding = 4; lastKnownFileType = sourcecode.swift; path = MapViewController.swift; sourceTree = "<group>"; };
		E6ACF0502622A31300E9DA9A /* ChatViewController.swift */ = {isa = PBXFileReference; fileEncoding = 4; lastKnownFileType = sourcecode.swift; path = ChatViewController.swift; sourceTree = "<group>"; };
		E6ACF0552622A31C00E9DA9A /* ChatCell.swift */ = {isa = PBXFileReference; fileEncoding = 4; lastKnownFileType = sourcecode.swift; path = ChatCell.swift; sourceTree = "<group>"; };
		F295811B0BA6ABC5287FFCA5 /* Pods-CampusgramTests.debug.xcconfig */ = {isa = PBXFileReference; includeInIndex = 1; lastKnownFileType = text.xcconfig; name = "Pods-CampusgramTests.debug.xcconfig"; path = "Target Support Files/Pods-CampusgramTests/Pods-CampusgramTests.debug.xcconfig"; sourceTree = "<group>"; };
/* End PBXFileReference section */

/* Begin PBXFrameworksBuildPhase section */
		E69B46FB260A6E5C00D3EAD8 /* Frameworks */ = {
			isa = PBXFrameworksBuildPhase;
			buildActionMask = 2147483647;
			files = (
				9A122B917020FA140511665A /* Pods_Campusgram.framework in Frameworks */,
			);
			runOnlyForDeploymentPostprocessing = 0;
		};
		E69B4711260A6E5E00D3EAD8 /* Frameworks */ = {
			isa = PBXFrameworksBuildPhase;
			buildActionMask = 2147483647;
			files = (
				FE2001D7196BFA04EB1B9B80 /* Pods_CampusgramTests.framework in Frameworks */,
			);
			runOnlyForDeploymentPostprocessing = 0;
		};
		E69B471C260A6E5E00D3EAD8 /* Frameworks */ = {
			isa = PBXFrameworksBuildPhase;
			buildActionMask = 2147483647;
			files = (
				99E5F72EB0B54741A1E6BA89 /* Pods_CampusgramUITests.framework in Frameworks */,
			);
			runOnlyForDeploymentPostprocessing = 0;
		};
/* End PBXFrameworksBuildPhase section */

/* Begin PBXGroup section */
		E0ACA66B604C99EC5D40D51A /* Frameworks */ = {
			isa = PBXGroup;
			children = (
				CB551E218F9F454651E2D1F9 /* Pods_Campusgram.framework */,
				050C119B2F35865D274E4682 /* Pods_CampusgramTests.framework */,
				73D2F09B71C52D8D055D06EB /* Pods_CampusgramUITests.framework */,
			);
			name = Frameworks;
			sourceTree = "<group>";
		};
		E69B46F5260A6E5C00D3EAD8 = {
			isa = PBXGroup;
			children = (
				E69B4700260A6E5C00D3EAD8 /* Campusgram */,
				E69B4717260A6E5E00D3EAD8 /* CampusgramTests */,
				E69B4722260A6E5E00D3EAD8 /* CampusgramUITests */,
				E69B46FF260A6E5C00D3EAD8 /* Products */,
				F9BF3E20A72957F60669A06B /* Pods */,
				E0ACA66B604C99EC5D40D51A /* Frameworks */,
			);
			sourceTree = "<group>";
		};
		E69B46FF260A6E5C00D3EAD8 /* Products */ = {
			isa = PBXGroup;
			children = (
				E69B46FE260A6E5C00D3EAD8 /* Campusgram.app */,
				E69B4714260A6E5E00D3EAD8 /* CampusgramTests.xctest */,
				E69B471F260A6E5E00D3EAD8 /* CampusgramUITests.xctest */,
			);
			name = Products;
			sourceTree = "<group>";
		};
		E69B4700260A6E5C00D3EAD8 /* Campusgram */ = {
			isa = PBXGroup;
			children = (
				E69B4701260A6E5C00D3EAD8 /* AppDelegate.swift */,
				E69B4703260A6E5C00D3EAD8 /* SceneDelegate.swift */,
				E69B4707260A6E5C00D3EAD8 /* Main.storyboard */,
				83D0C252261AA93D00A49D7D /* SavedCell.swift */,
				8372B3E0261A0D2D006CDDF5 /* SavedViewController.swift */,
				837942EF26108B36005C6C5E /* PartyCell.swift */,
				E68AA129261582FF007914E1 /* NewPostViewController.swift */,
				8373576B2610515C00FF9DC6 /* MainfeedViewController.swift */,
				E69B470A260A6E5E00D3EAD8 /* Assets.xcassets */,
				E69B470C260A6E5E00D3EAD8 /* LaunchScreen.storyboard */,
				E69B470F260A6E5E00D3EAD8 /* Info.plist */,
				E69B4740260A73C700D3EAD8 /* LoginViewController.swift */,
				103D6A0C26110A8D00AB75E8 /* SearchViewController.swift */,
				103D6A1126110AB400AB75E8 /* ProfileViewController.swift */,
				E6ACF0462622A29700E9DA9A /* SettingsViewController.swift */,
				E6ACF04B2622A2F100E9DA9A /* MapViewController.swift */,
				E6ACF0502622A31300E9DA9A /* ChatViewController.swift */,
				E6ACF0552622A31C00E9DA9A /* ChatCell.swift */,
			);
			path = Campusgram;
			sourceTree = "<group>";
		};
		E69B4717260A6E5E00D3EAD8 /* CampusgramTests */ = {
			isa = PBXGroup;
			children = (
				E69B4718260A6E5E00D3EAD8 /* CampusgramTests.swift */,
				E69B471A260A6E5E00D3EAD8 /* Info.plist */,
			);
			path = CampusgramTests;
			sourceTree = "<group>";
		};
		E69B4722260A6E5E00D3EAD8 /* CampusgramUITests */ = {
			isa = PBXGroup;
			children = (
				E69B4723260A6E5E00D3EAD8 /* CampusgramUITests.swift */,
				E69B4725260A6E5E00D3EAD8 /* Info.plist */,
			);
			path = CampusgramUITests;
			sourceTree = "<group>";
		};
		F9BF3E20A72957F60669A06B /* Pods */ = {
			isa = PBXGroup;
			children = (
				07F52AB44674C80DEF91B744 /* Pods-Campusgram.debug.xcconfig */,
				AE766AE5FFA012EF31673C1E /* Pods-Campusgram.release.xcconfig */,
				F295811B0BA6ABC5287FFCA5 /* Pods-CampusgramTests.debug.xcconfig */,
				45EE3905852181BDB4B5CB79 /* Pods-CampusgramTests.release.xcconfig */,
				3F7046AD0F6502A02A080974 /* Pods-CampusgramUITests.debug.xcconfig */,
				DA6AFFD5DA975CF354221DDA /* Pods-CampusgramUITests.release.xcconfig */,
			);
			path = Pods;
			sourceTree = "<group>";
		};
/* End PBXGroup section */

/* Begin PBXNativeTarget section */
		E69B46FD260A6E5C00D3EAD8 /* Campusgram */ = {
			isa = PBXNativeTarget;
			buildConfigurationList = E69B4728260A6E5E00D3EAD8 /* Build configuration list for PBXNativeTarget "Campusgram" */;
			buildPhases = (
				503DAAAA9B9BFC2F3C8BFEA0 /* [CP] Check Pods Manifest.lock */,
				E69B46FA260A6E5C00D3EAD8 /* Sources */,
				E69B46FB260A6E5C00D3EAD8 /* Frameworks */,
				E69B46FC260A6E5C00D3EAD8 /* Resources */,
				F0B0502C553DF210719744AD /* [CP] Embed Pods Frameworks */,
			);
			buildRules = (
			);
			dependencies = (
			);
			name = Campusgram;
			productName = Campusgram;
			productReference = E69B46FE260A6E5C00D3EAD8 /* Campusgram.app */;
			productType = "com.apple.product-type.application";
		};
		E69B4713260A6E5E00D3EAD8 /* CampusgramTests */ = {
			isa = PBXNativeTarget;
			buildConfigurationList = E69B472B260A6E5E00D3EAD8 /* Build configuration list for PBXNativeTarget "CampusgramTests" */;
			buildPhases = (
				5329DB542A8B1BCE873D87AF /* [CP] Check Pods Manifest.lock */,
				E69B4710260A6E5E00D3EAD8 /* Sources */,
				E69B4711260A6E5E00D3EAD8 /* Frameworks */,
				E69B4712260A6E5E00D3EAD8 /* Resources */,
				11ACBE450E332A0749F2C29B /* [CP] Embed Pods Frameworks */,
			);
			buildRules = (
			);
			dependencies = (
				E69B4716260A6E5E00D3EAD8 /* PBXTargetDependency */,
			);
			name = CampusgramTests;
			productName = CampusgramTests;
			productReference = E69B4714260A6E5E00D3EAD8 /* CampusgramTests.xctest */;
			productType = "com.apple.product-type.bundle.unit-test";
		};
		E69B471E260A6E5E00D3EAD8 /* CampusgramUITests */ = {
			isa = PBXNativeTarget;
			buildConfigurationList = E69B472E260A6E5E00D3EAD8 /* Build configuration list for PBXNativeTarget "CampusgramUITests" */;
			buildPhases = (
				840F4F4292C8F87D16F5F72D /* [CP] Check Pods Manifest.lock */,
				E69B471B260A6E5E00D3EAD8 /* Sources */,
				E69B471C260A6E5E00D3EAD8 /* Frameworks */,
				E69B471D260A6E5E00D3EAD8 /* Resources */,
				30159C1037D0CAE95541D1DF /* [CP] Embed Pods Frameworks */,
			);
			buildRules = (
			);
			dependencies = (
				E69B4721260A6E5E00D3EAD8 /* PBXTargetDependency */,
			);
			name = CampusgramUITests;
			productName = CampusgramUITests;
			productReference = E69B471F260A6E5E00D3EAD8 /* CampusgramUITests.xctest */;
			productType = "com.apple.product-type.bundle.ui-testing";
		};
/* End PBXNativeTarget section */

/* Begin PBXProject section */
		E69B46F6260A6E5C00D3EAD8 /* Project object */ = {
			isa = PBXProject;
			attributes = {
				LastSwiftUpdateCheck = 1240;
				LastUpgradeCheck = 1240;
				TargetAttributes = {
					E69B46FD260A6E5C00D3EAD8 = {
						CreatedOnToolsVersion = 12.4;
					};
					E69B4713260A6E5E00D3EAD8 = {
						CreatedOnToolsVersion = 12.4;
						TestTargetID = E69B46FD260A6E5C00D3EAD8;
					};
					E69B471E260A6E5E00D3EAD8 = {
						CreatedOnToolsVersion = 12.4;
						TestTargetID = E69B46FD260A6E5C00D3EAD8;
					};
				};
			};
			buildConfigurationList = E69B46F9260A6E5C00D3EAD8 /* Build configuration list for PBXProject "Campusgram" */;
			compatibilityVersion = "Xcode 9.3";
			developmentRegion = en;
			hasScannedForEncodings = 0;
			knownRegions = (
				en,
				Base,
			);
			mainGroup = E69B46F5260A6E5C00D3EAD8;
			productRefGroup = E69B46FF260A6E5C00D3EAD8 /* Products */;
			projectDirPath = "";
			projectRoot = "";
			targets = (
				E69B46FD260A6E5C00D3EAD8 /* Campusgram */,
				E69B4713260A6E5E00D3EAD8 /* CampusgramTests */,
				E69B471E260A6E5E00D3EAD8 /* CampusgramUITests */,
			);
		};
/* End PBXProject section */

/* Begin PBXResourcesBuildPhase section */
		E69B46FC260A6E5C00D3EAD8 /* Resources */ = {
			isa = PBXResourcesBuildPhase;
			buildActionMask = 2147483647;
			files = (
				E69B470E260A6E5E00D3EAD8 /* LaunchScreen.storyboard in Resources */,
				E69B470B260A6E5E00D3EAD8 /* Assets.xcassets in Resources */,
				E69B4709260A6E5C00D3EAD8 /* Main.storyboard in Resources */,
			);
			runOnlyForDeploymentPostprocessing = 0;
		};
		E69B4712260A6E5E00D3EAD8 /* Resources */ = {
			isa = PBXResourcesBuildPhase;
			buildActionMask = 2147483647;
			files = (
			);
			runOnlyForDeploymentPostprocessing = 0;
		};
		E69B471D260A6E5E00D3EAD8 /* Resources */ = {
			isa = PBXResourcesBuildPhase;
			buildActionMask = 2147483647;
			files = (
			);
			runOnlyForDeploymentPostprocessing = 0;
		};
/* End PBXResourcesBuildPhase section */

/* Begin PBXShellScriptBuildPhase section */
		11ACBE450E332A0749F2C29B /* [CP] Embed Pods Frameworks */ = {
			isa = PBXShellScriptBuildPhase;
			buildActionMask = 2147483647;
			files = (
			);
			inputFileListPaths = (
				"${PODS_ROOT}/Target Support Files/Pods-CampusgramTests/Pods-CampusgramTests-frameworks-${CONFIGURATION}-input-files.xcfilelist",
			);
			name = "[CP] Embed Pods Frameworks";
			outputFileListPaths = (
				"${PODS_ROOT}/Target Support Files/Pods-CampusgramTests/Pods-CampusgramTests-frameworks-${CONFIGURATION}-output-files.xcfilelist",
			);
			runOnlyForDeploymentPostprocessing = 0;
			shellPath = /bin/sh;
			shellScript = "\"${PODS_ROOT}/Target Support Files/Pods-CampusgramTests/Pods-CampusgramTests-frameworks.sh\"\n";
			showEnvVarsInLog = 0;
		};
		30159C1037D0CAE95541D1DF /* [CP] Embed Pods Frameworks */ = {
			isa = PBXShellScriptBuildPhase;
			buildActionMask = 2147483647;
			files = (
			);
			inputFileListPaths = (
				"${PODS_ROOT}/Target Support Files/Pods-CampusgramUITests/Pods-CampusgramUITests-frameworks-${CONFIGURATION}-input-files.xcfilelist",
			);
			name = "[CP] Embed Pods Frameworks";
			outputFileListPaths = (
				"${PODS_ROOT}/Target Support Files/Pods-CampusgramUITests/Pods-CampusgramUITests-frameworks-${CONFIGURATION}-output-files.xcfilelist",
			);
			runOnlyForDeploymentPostprocessing = 0;
			shellPath = /bin/sh;
			shellScript = "\"${PODS_ROOT}/Target Support Files/Pods-CampusgramUITests/Pods-CampusgramUITests-frameworks.sh\"\n";
			showEnvVarsInLog = 0;
		};
		503DAAAA9B9BFC2F3C8BFEA0 /* [CP] Check Pods Manifest.lock */ = {
			isa = PBXShellScriptBuildPhase;
			buildActionMask = 2147483647;
			files = (
			);
			inputFileListPaths = (
			);
			inputPaths = (
				"${PODS_PODFILE_DIR_PATH}/Podfile.lock",
				"${PODS_ROOT}/Manifest.lock",
			);
			name = "[CP] Check Pods Manifest.lock";
			outputFileListPaths = (
			);
			outputPaths = (
				"$(DERIVED_FILE_DIR)/Pods-Campusgram-checkManifestLockResult.txt",
			);
			runOnlyForDeploymentPostprocessing = 0;
			shellPath = /bin/sh;
			shellScript = "diff \"${PODS_PODFILE_DIR_PATH}/Podfile.lock\" \"${PODS_ROOT}/Manifest.lock\" > /dev/null\nif [ $? != 0 ] ; then\n    # print error to STDERR\n    echo \"error: The sandbox is not in sync with the Podfile.lock. Run 'pod install' or update your CocoaPods installation.\" >&2\n    exit 1\nfi\n# This output is used by Xcode 'outputs' to avoid re-running this script phase.\necho \"SUCCESS\" > \"${SCRIPT_OUTPUT_FILE_0}\"\n";
			showEnvVarsInLog = 0;
		};
		5329DB542A8B1BCE873D87AF /* [CP] Check Pods Manifest.lock */ = {
			isa = PBXShellScriptBuildPhase;
			buildActionMask = 2147483647;
			files = (
			);
			inputFileListPaths = (
			);
			inputPaths = (
				"${PODS_PODFILE_DIR_PATH}/Podfile.lock",
				"${PODS_ROOT}/Manifest.lock",
			);
			name = "[CP] Check Pods Manifest.lock";
			outputFileListPaths = (
			);
			outputPaths = (
				"$(DERIVED_FILE_DIR)/Pods-CampusgramTests-checkManifestLockResult.txt",
			);
			runOnlyForDeploymentPostprocessing = 0;
			shellPath = /bin/sh;
			shellScript = "diff \"${PODS_PODFILE_DIR_PATH}/Podfile.lock\" \"${PODS_ROOT}/Manifest.lock\" > /dev/null\nif [ $? != 0 ] ; then\n    # print error to STDERR\n    echo \"error: The sandbox is not in sync with the Podfile.lock. Run 'pod install' or update your CocoaPods installation.\" >&2\n    exit 1\nfi\n# This output is used by Xcode 'outputs' to avoid re-running this script phase.\necho \"SUCCESS\" > \"${SCRIPT_OUTPUT_FILE_0}\"\n";
			showEnvVarsInLog = 0;
		};
		840F4F4292C8F87D16F5F72D /* [CP] Check Pods Manifest.lock */ = {
			isa = PBXShellScriptBuildPhase;
			buildActionMask = 2147483647;
			files = (
			);
			inputFileListPaths = (
			);
			inputPaths = (
				"${PODS_PODFILE_DIR_PATH}/Podfile.lock",
				"${PODS_ROOT}/Manifest.lock",
			);
			name = "[CP] Check Pods Manifest.lock";
			outputFileListPaths = (
			);
			outputPaths = (
				"$(DERIVED_FILE_DIR)/Pods-CampusgramUITests-checkManifestLockResult.txt",
			);
			runOnlyForDeploymentPostprocessing = 0;
			shellPath = /bin/sh;
			shellScript = "diff \"${PODS_PODFILE_DIR_PATH}/Podfile.lock\" \"${PODS_ROOT}/Manifest.lock\" > /dev/null\nif [ $? != 0 ] ; then\n    # print error to STDERR\n    echo \"error: The sandbox is not in sync with the Podfile.lock. Run 'pod install' or update your CocoaPods installation.\" >&2\n    exit 1\nfi\n# This output is used by Xcode 'outputs' to avoid re-running this script phase.\necho \"SUCCESS\" > \"${SCRIPT_OUTPUT_FILE_0}\"\n";
			showEnvVarsInLog = 0;
		};
		F0B0502C553DF210719744AD /* [CP] Embed Pods Frameworks */ = {
			isa = PBXShellScriptBuildPhase;
			buildActionMask = 2147483647;
			files = (
			);
			inputFileListPaths = (
				"${PODS_ROOT}/Target Support Files/Pods-Campusgram/Pods-Campusgram-frameworks-${CONFIGURATION}-input-files.xcfilelist",
			);
			name = "[CP] Embed Pods Frameworks";
			outputFileListPaths = (
				"${PODS_ROOT}/Target Support Files/Pods-Campusgram/Pods-Campusgram-frameworks-${CONFIGURATION}-output-files.xcfilelist",
			);
			runOnlyForDeploymentPostprocessing = 0;
			shellPath = /bin/sh;
			shellScript = "\"${PODS_ROOT}/Target Support Files/Pods-Campusgram/Pods-Campusgram-frameworks.sh\"\n";
			showEnvVarsInLog = 0;
		};
/* End PBXShellScriptBuildPhase section */

/* Begin PBXSourcesBuildPhase section */
		E69B46FA260A6E5C00D3EAD8 /* Sources */ = {
			isa = PBXSourcesBuildPhase;
			buildActionMask = 2147483647;
			files = (
				103D6A1226110AB400AB75E8 /* ProfileViewController.swift in Sources */,
				103D6A0D26110A8D00AB75E8 /* SearchViewController.swift in Sources */,
				E6ACF0472622A29700E9DA9A /* SettingsViewController.swift in Sources */,
				E69B4741260A73C700D3EAD8 /* LoginViewController.swift in Sources */,
				8372B3E1261A0D2D006CDDF5 /* SavedViewController.swift in Sources */,
				E69B4702260A6E5C00D3EAD8 /* AppDelegate.swift in Sources */,
				83D0C253261AA93D00A49D7D /* SavedCell.swift in Sources */,
				E6ACF04C2622A2F100E9DA9A /* MapViewController.swift in Sources */,
				837942F026108B36005C6C5E /* PartyCell.swift in Sources */,
				E6ACF0512622A31300E9DA9A /* ChatViewController.swift in Sources */,
				E68AA12A261582FF007914E1 /* NewPostViewController.swift in Sources */,
				E6ACF0562622A31C00E9DA9A /* ChatCell.swift in Sources */,
				8373576C2610515C00FF9DC6 /* MainfeedViewController.swift in Sources */,
				E69B4704260A6E5C00D3EAD8 /* SceneDelegate.swift in Sources */,
			);
			runOnlyForDeploymentPostprocessing = 0;
		};
		E69B4710260A6E5E00D3EAD8 /* Sources */ = {
			isa = PBXSourcesBuildPhase;
			buildActionMask = 2147483647;
			files = (
				E69B4719260A6E5E00D3EAD8 /* CampusgramTests.swift in Sources */,
			);
			runOnlyForDeploymentPostprocessing = 0;
		};
		E69B471B260A6E5E00D3EAD8 /* Sources */ = {
			isa = PBXSourcesBuildPhase;
			buildActionMask = 2147483647;
			files = (
				E69B4724260A6E5E00D3EAD8 /* CampusgramUITests.swift in Sources */,
			);
			runOnlyForDeploymentPostprocessing = 0;
		};
/* End PBXSourcesBuildPhase section */

/* Begin PBXTargetDependency section */
		E69B4716260A6E5E00D3EAD8 /* PBXTargetDependency */ = {
			isa = PBXTargetDependency;
			target = E69B46FD260A6E5C00D3EAD8 /* Campusgram */;
			targetProxy = E69B4715260A6E5E00D3EAD8 /* PBXContainerItemProxy */;
		};
		E69B4721260A6E5E00D3EAD8 /* PBXTargetDependency */ = {
			isa = PBXTargetDependency;
			target = E69B46FD260A6E5C00D3EAD8 /* Campusgram */;
			targetProxy = E69B4720260A6E5E00D3EAD8 /* PBXContainerItemProxy */;
		};
/* End PBXTargetDependency section */

/* Begin PBXVariantGroup section */
		E69B4707260A6E5C00D3EAD8 /* Main.storyboard */ = {
			isa = PBXVariantGroup;
			children = (
				E69B4708260A6E5C00D3EAD8 /* Base */,
			);
			name = Main.storyboard;
			sourceTree = "<group>";
		};
		E69B470C260A6E5E00D3EAD8 /* LaunchScreen.storyboard */ = {
			isa = PBXVariantGroup;
			children = (
				E69B470D260A6E5E00D3EAD8 /* Base */,
			);
			name = LaunchScreen.storyboard;
			sourceTree = "<group>";
		};
/* End PBXVariantGroup section */

/* Begin XCBuildConfiguration section */
		E69B4726260A6E5E00D3EAD8 /* Debug */ = {
			isa = XCBuildConfiguration;
			buildSettings = {
				ALWAYS_SEARCH_USER_PATHS = NO;
				CLANG_ANALYZER_NONNULL = YES;
				CLANG_ANALYZER_NUMBER_OBJECT_CONVERSION = YES_AGGRESSIVE;
				CLANG_CXX_LANGUAGE_STANDARD = "gnu++14";
				CLANG_CXX_LIBRARY = "libc++";
				CLANG_ENABLE_MODULES = YES;
				CLANG_ENABLE_OBJC_ARC = YES;
				CLANG_ENABLE_OBJC_WEAK = YES;
				CLANG_WARN_BLOCK_CAPTURE_AUTORELEASING = YES;
				CLANG_WARN_BOOL_CONVERSION = YES;
				CLANG_WARN_COMMA = YES;
				CLANG_WARN_CONSTANT_CONVERSION = YES;
				CLANG_WARN_DEPRECATED_OBJC_IMPLEMENTATIONS = YES;
				CLANG_WARN_DIRECT_OBJC_ISA_USAGE = YES_ERROR;
				CLANG_WARN_DOCUMENTATION_COMMENTS = YES;
				CLANG_WARN_EMPTY_BODY = YES;
				CLANG_WARN_ENUM_CONVERSION = YES;
				CLANG_WARN_INFINITE_RECURSION = YES;
				CLANG_WARN_INT_CONVERSION = YES;
				CLANG_WARN_NON_LITERAL_NULL_CONVERSION = YES;
				CLANG_WARN_OBJC_IMPLICIT_RETAIN_SELF = YES;
				CLANG_WARN_OBJC_LITERAL_CONVERSION = YES;
				CLANG_WARN_OBJC_ROOT_CLASS = YES_ERROR;
				CLANG_WARN_QUOTED_INCLUDE_IN_FRAMEWORK_HEADER = YES;
				CLANG_WARN_RANGE_LOOP_ANALYSIS = YES;
				CLANG_WARN_STRICT_PROTOTYPES = YES;
				CLANG_WARN_SUSPICIOUS_MOVE = YES;
				CLANG_WARN_UNGUARDED_AVAILABILITY = YES_AGGRESSIVE;
				CLANG_WARN_UNREACHABLE_CODE = YES;
				CLANG_WARN__DUPLICATE_METHOD_MATCH = YES;
				COPY_PHASE_STRIP = NO;
				DEBUG_INFORMATION_FORMAT = dwarf;
				ENABLE_STRICT_OBJC_MSGSEND = YES;
				ENABLE_TESTABILITY = YES;
				GCC_C_LANGUAGE_STANDARD = gnu11;
				GCC_DYNAMIC_NO_PIC = NO;
				GCC_NO_COMMON_BLOCKS = YES;
				GCC_OPTIMIZATION_LEVEL = 0;
				GCC_PREPROCESSOR_DEFINITIONS = (
					"DEBUG=1",
					"$(inherited)",
				);
				GCC_WARN_64_TO_32_BIT_CONVERSION = YES;
				GCC_WARN_ABOUT_RETURN_TYPE = YES_ERROR;
				GCC_WARN_UNDECLARED_SELECTOR = YES;
				GCC_WARN_UNINITIALIZED_AUTOS = YES_AGGRESSIVE;
				GCC_WARN_UNUSED_FUNCTION = YES;
				GCC_WARN_UNUSED_VARIABLE = YES;
				IPHONEOS_DEPLOYMENT_TARGET = 14.4;
				MTL_ENABLE_DEBUG_INFO = INCLUDE_SOURCE;
				MTL_FAST_MATH = YES;
				ONLY_ACTIVE_ARCH = YES;
				SDKROOT = iphoneos;
				SWIFT_ACTIVE_COMPILATION_CONDITIONS = DEBUG;
				SWIFT_OPTIMIZATION_LEVEL = "-Onone";
			};
			name = Debug;
		};
		E69B4727260A6E5E00D3EAD8 /* Release */ = {
			isa = XCBuildConfiguration;
			buildSettings = {
				ALWAYS_SEARCH_USER_PATHS = NO;
				CLANG_ANALYZER_NONNULL = YES;
				CLANG_ANALYZER_NUMBER_OBJECT_CONVERSION = YES_AGGRESSIVE;
				CLANG_CXX_LANGUAGE_STANDARD = "gnu++14";
				CLANG_CXX_LIBRARY = "libc++";
				CLANG_ENABLE_MODULES = YES;
				CLANG_ENABLE_OBJC_ARC = YES;
				CLANG_ENABLE_OBJC_WEAK = YES;
				CLANG_WARN_BLOCK_CAPTURE_AUTORELEASING = YES;
				CLANG_WARN_BOOL_CONVERSION = YES;
				CLANG_WARN_COMMA = YES;
				CLANG_WARN_CONSTANT_CONVERSION = YES;
				CLANG_WARN_DEPRECATED_OBJC_IMPLEMENTATIONS = YES;
				CLANG_WARN_DIRECT_OBJC_ISA_USAGE = YES_ERROR;
				CLANG_WARN_DOCUMENTATION_COMMENTS = YES;
				CLANG_WARN_EMPTY_BODY = YES;
				CLANG_WARN_ENUM_CONVERSION = YES;
				CLANG_WARN_INFINITE_RECURSION = YES;
				CLANG_WARN_INT_CONVERSION = YES;
				CLANG_WARN_NON_LITERAL_NULL_CONVERSION = YES;
				CLANG_WARN_OBJC_IMPLICIT_RETAIN_SELF = YES;
				CLANG_WARN_OBJC_LITERAL_CONVERSION = YES;
				CLANG_WARN_OBJC_ROOT_CLASS = YES_ERROR;
				CLANG_WARN_QUOTED_INCLUDE_IN_FRAMEWORK_HEADER = YES;
				CLANG_WARN_RANGE_LOOP_ANALYSIS = YES;
				CLANG_WARN_STRICT_PROTOTYPES = YES;
				CLANG_WARN_SUSPICIOUS_MOVE = YES;
				CLANG_WARN_UNGUARDED_AVAILABILITY = YES_AGGRESSIVE;
				CLANG_WARN_UNREACHABLE_CODE = YES;
				CLANG_WARN__DUPLICATE_METHOD_MATCH = YES;
				COPY_PHASE_STRIP = NO;
				DEBUG_INFORMATION_FORMAT = "dwarf-with-dsym";
				ENABLE_NS_ASSERTIONS = NO;
				ENABLE_STRICT_OBJC_MSGSEND = YES;
				GCC_C_LANGUAGE_STANDARD = gnu11;
				GCC_NO_COMMON_BLOCKS = YES;
				GCC_WARN_64_TO_32_BIT_CONVERSION = YES;
				GCC_WARN_ABOUT_RETURN_TYPE = YES_ERROR;
				GCC_WARN_UNDECLARED_SELECTOR = YES;
				GCC_WARN_UNINITIALIZED_AUTOS = YES_AGGRESSIVE;
				GCC_WARN_UNUSED_FUNCTION = YES;
				GCC_WARN_UNUSED_VARIABLE = YES;
				IPHONEOS_DEPLOYMENT_TARGET = 14.4;
				MTL_ENABLE_DEBUG_INFO = NO;
				MTL_FAST_MATH = YES;
				SDKROOT = iphoneos;
				SWIFT_COMPILATION_MODE = wholemodule;
				SWIFT_OPTIMIZATION_LEVEL = "-O";
				VALIDATE_PRODUCT = YES;
			};
			name = Release;
		};
		E69B4729260A6E5E00D3EAD8 /* Debug */ = {
			isa = XCBuildConfiguration;
			baseConfigurationReference = 07F52AB44674C80DEF91B744 /* Pods-Campusgram.debug.xcconfig */;
			buildSettings = {
				ASSETCATALOG_COMPILER_APPICON_NAME = AppIcon;
				ASSETCATALOG_COMPILER_GLOBAL_ACCENT_COLOR_NAME = AccentColor;
				CODE_SIGN_STYLE = Automatic;
				DEVELOPMENT_TEAM = 5X56Y46T52;
				INFOPLIST_FILE = Campusgram/Info.plist;
				LD_RUNPATH_SEARCH_PATHS = (
					"$(inherited)",
					"@executable_path/Frameworks",
				);
				PRODUCT_BUNDLE_IDENTIFIER = winnieyang.Campusgram;
				PRODUCT_NAME = "$(TARGET_NAME)";
				SWIFT_VERSION = 5.0;
				TARGETED_DEVICE_FAMILY = "1,2";
			};
			name = Debug;
		};
		E69B472A260A6E5E00D3EAD8 /* Release */ = {
			isa = XCBuildConfiguration;
			baseConfigurationReference = AE766AE5FFA012EF31673C1E /* Pods-Campusgram.release.xcconfig */;
			buildSettings = {
				ASSETCATALOG_COMPILER_APPICON_NAME = AppIcon;
				ASSETCATALOG_COMPILER_GLOBAL_ACCENT_COLOR_NAME = AccentColor;
				CODE_SIGN_STYLE = Automatic;
				DEVELOPMENT_TEAM = 5X56Y46T52;
				INFOPLIST_FILE = Campusgram/Info.plist;
				LD_RUNPATH_SEARCH_PATHS = (
					"$(inherited)",
					"@executable_path/Frameworks",
				);
				PRODUCT_BUNDLE_IDENTIFIER = winnieyang.Campusgram;
				PRODUCT_NAME = "$(TARGET_NAME)";
				SWIFT_VERSION = 5.0;
				TARGETED_DEVICE_FAMILY = "1,2";
			};
			name = Release;
		};
		E69B472C260A6E5E00D3EAD8 /* Debug */ = {
			isa = XCBuildConfiguration;
			baseConfigurationReference = F295811B0BA6ABC5287FFCA5 /* Pods-CampusgramTests.debug.xcconfig */;
			buildSettings = {
				ALWAYS_EMBED_SWIFT_STANDARD_LIBRARIES = YES;
				BUNDLE_LOADER = "$(TEST_HOST)";
				CODE_SIGN_STYLE = Automatic;
				DEVELOPMENT_TEAM = 5X56Y46T52;
				INFOPLIST_FILE = CampusgramTests/Info.plist;
				IPHONEOS_DEPLOYMENT_TARGET = 14.4;
				LD_RUNPATH_SEARCH_PATHS = (
					"$(inherited)",
					"@executable_path/Frameworks",
					"@loader_path/Frameworks",
				);
				PRODUCT_BUNDLE_IDENTIFIER = winnieyang.CampusgramTests;
				PRODUCT_NAME = "$(TARGET_NAME)";
				SWIFT_VERSION = 5.0;
				TARGETED_DEVICE_FAMILY = "1,2";
				TEST_HOST = "$(BUILT_PRODUCTS_DIR)/Campusgram.app/Campusgram";
			};
			name = Debug;
		};
		E69B472D260A6E5E00D3EAD8 /* Release */ = {
			isa = XCBuildConfiguration;
			baseConfigurationReference = 45EE3905852181BDB4B5CB79 /* Pods-CampusgramTests.release.xcconfig */;
			buildSettings = {
				ALWAYS_EMBED_SWIFT_STANDARD_LIBRARIES = YES;
				BUNDLE_LOADER = "$(TEST_HOST)";
				CODE_SIGN_STYLE = Automatic;
				DEVELOPMENT_TEAM = 5X56Y46T52;
				INFOPLIST_FILE = CampusgramTests/Info.plist;
				IPHONEOS_DEPLOYMENT_TARGET = 14.4;
				LD_RUNPATH_SEARCH_PATHS = (
					"$(inherited)",
					"@executable_path/Frameworks",
					"@loader_path/Frameworks",
				);
				PRODUCT_BUNDLE_IDENTIFIER = winnieyang.CampusgramTests;
				PRODUCT_NAME = "$(TARGET_NAME)";
				SWIFT_VERSION = 5.0;
				TARGETED_DEVICE_FAMILY = "1,2";
				TEST_HOST = "$(BUILT_PRODUCTS_DIR)/Campusgram.app/Campusgram";
			};
			name = Release;
		};
		E69B472F260A6E5E00D3EAD8 /* Debug */ = {
			isa = XCBuildConfiguration;
			baseConfigurationReference = 3F7046AD0F6502A02A080974 /* Pods-CampusgramUITests.debug.xcconfig */;
			buildSettings = {
				ALWAYS_EMBED_SWIFT_STANDARD_LIBRARIES = YES;
				CODE_SIGN_STYLE = Automatic;
				DEVELOPMENT_TEAM = 5X56Y46T52;
				INFOPLIST_FILE = CampusgramUITests/Info.plist;
				LD_RUNPATH_SEARCH_PATHS = (
					"$(inherited)",
					"@executable_path/Frameworks",
					"@loader_path/Frameworks",
				);
				PRODUCT_BUNDLE_IDENTIFIER = winnieyang.CampusgramUITests;
				PRODUCT_NAME = "$(TARGET_NAME)";
				SWIFT_VERSION = 5.0;
				TARGETED_DEVICE_FAMILY = "1,2";
				TEST_TARGET_NAME = Campusgram;
			};
			name = Debug;
		};
		E69B4730260A6E5E00D3EAD8 /* Release */ = {
			isa = XCBuildConfiguration;
			baseConfigurationReference = DA6AFFD5DA975CF354221DDA /* Pods-CampusgramUITests.release.xcconfig */;
			buildSettings = {
				ALWAYS_EMBED_SWIFT_STANDARD_LIBRARIES = YES;
				CODE_SIGN_STYLE = Automatic;
				DEVELOPMENT_TEAM = 5X56Y46T52;
				INFOPLIST_FILE = CampusgramUITests/Info.plist;
				LD_RUNPATH_SEARCH_PATHS = (
					"$(inherited)",
					"@executable_path/Frameworks",
					"@loader_path/Frameworks",
				);
				PRODUCT_BUNDLE_IDENTIFIER = winnieyang.CampusgramUITests;
				PRODUCT_NAME = "$(TARGET_NAME)";
				SWIFT_VERSION = 5.0;
				TARGETED_DEVICE_FAMILY = "1,2";
				TEST_TARGET_NAME = Campusgram;
			};
			name = Release;
		};
/* End XCBuildConfiguration section */

/* Begin XCConfigurationList section */
		E69B46F9260A6E5C00D3EAD8 /* Build configuration list for PBXProject "Campusgram" */ = {
			isa = XCConfigurationList;
			buildConfigurations = (
				E69B4726260A6E5E00D3EAD8 /* Debug */,
				E69B4727260A6E5E00D3EAD8 /* Release */,
			);
			defaultConfigurationIsVisible = 0;
			defaultConfigurationName = Release;
		};
		E69B4728260A6E5E00D3EAD8 /* Build configuration list for PBXNativeTarget "Campusgram" */ = {
			isa = XCConfigurationList;
			buildConfigurations = (
				E69B4729260A6E5E00D3EAD8 /* Debug */,
				E69B472A260A6E5E00D3EAD8 /* Release */,
			);
			defaultConfigurationIsVisible = 0;
			defaultConfigurationName = Release;
		};
		E69B472B260A6E5E00D3EAD8 /* Build configuration list for PBXNativeTarget "CampusgramTests" */ = {
			isa = XCConfigurationList;
			buildConfigurations = (
				E69B472C260A6E5E00D3EAD8 /* Debug */,
				E69B472D260A6E5E00D3EAD8 /* Release */,
			);
			defaultConfigurationIsVisible = 0;
			defaultConfigurationName = Release;
		};
		E69B472E260A6E5E00D3EAD8 /* Build configuration list for PBXNativeTarget "CampusgramUITests" */ = {
			isa = XCConfigurationList;
			buildConfigurations = (
				E69B472F260A6E5E00D3EAD8 /* Debug */,
				E69B4730260A6E5E00D3EAD8 /* Release */,
			);
			defaultConfigurationIsVisible = 0;
			defaultConfigurationName = Release;
		};
/* End XCConfigurationList section */
	};
	rootObject = E69B46F6260A6E5C00D3EAD8 /* Project object */;
}
